// !$*UTF8*$!
{
	archiveVersion = 1;
	classes = {
	};
	objectVersion = 46;
	objects = {

/* Begin PBXBuildFile section */
		B5FC8B511CEB5B9A007FE40B /* AppDelegate.swift in Sources */ = {isa = PBXBuildFile; fileRef = B5FC8B501CEB5B9A007FE40B /* AppDelegate.swift */; };
		B5FC8B531CEB5B9A007FE40B /* ViewController.swift in Sources */ = {isa = PBXBuildFile; fileRef = B5FC8B521CEB5B9A007FE40B /* ViewController.swift */; };
		B5FC8B561CEB5B9A007FE40B /* Main.storyboard in Resources */ = {isa = PBXBuildFile; fileRef = B5FC8B541CEB5B9A007FE40B /* Main.storyboard */; };
		B5FC8B581CEB5B9A007FE40B /* Assets.xcassets in Resources */ = {isa = PBXBuildFile; fileRef = B5FC8B571CEB5B9A007FE40B /* Assets.xcassets */; };
		B5FC8B5B1CEB5B9A007FE40B /* LaunchScreen.storyboard in Resources */ = {isa = PBXBuildFile; fileRef = B5FC8B591CEB5B9A007FE40B /* LaunchScreen.storyboard */; };
/* End PBXBuildFile section */

/* Begin PBXFileReference section */
		B5FC8B4D1CEB5B9A007FE40B /* App01.app */ = {isa = PBXFileReference; explicitFileType = wrapper.application; includeInIndex = 0; path = App01.app; sourceTree = BUILT_PRODUCTS_DIR; };
		B5FC8B501CEB5B9A007FE40B /* AppDelegate.swift */ = {isa = PBXFileReference; lastKnownFileType = sourcecode.swift; path = AppDelegate.swift; sourceTree = "<group>"; };
		B5FC8B521CEB5B9A007FE40B /* ViewController.swift */ = {isa = PBXFileReference; lastKnownFileType = sourcecode.swift; path = ViewController.swift; sourceTree = "<group>"; };
		B5FC8B551CEB5B9A007FE40B /* Base */ = {isa = PBXFileReference; lastKnownFileType = file.storyboard; name = Base; path = Base.lproj/Main.storyboard; sourceTree = "<group>"; };
		B5FC8B571CEB5B9A007FE40B /* Assets.xcassets */ = {isa = PBXFileReference; lastKnownFileType = folder.assetcatalog; path = Assets.xcassets; sourceTree = "<group>"; };
		B5FC8B5A1CEB5B9A007FE40B /* Base */ = {isa = PBXFileReference; lastKnownFileType = file.storyboard; name = Base; path = Base.lproj/LaunchScreen.storyboard; sourceTree = "<group>"; };
		B5FC8B5C1CEB5B9A007FE40B /* Info.plist */ = {isa = PBXFileReference; lastKnownFileType = text.plist.xml; path = Info.plist; sourceTree = "<group>"; };
/* End PBXFileReference section */

/* Begin PBXFrameworksBuildPhase section */
		B5FC8B4A1CEB5B9A007FE40B /* Frameworks */ = {
			isa = PBXFrameworksBuildPhase;
			buildActionMask = 2147483647;
			files = (
			);
			runOnlyForDeploymentPostprocessing = 0;
		};
/* End PBXFrameworksBuildPhase section */

/* Begin PBXGroup section */
		B5FC8B441CEB5B9A007FE40B = {
			isa = PBXGroup;
			children = (
				B5FC8B4F1CEB5B9A007FE40B /* App01 */,
				B5FC8B4E1CEB5B9A007FE40B /* Products */,
			);
			sourceTree = "<group>";
		};
		B5FC8B4E1CEB5B9A007FE40B /* Products */ = {
			isa = PBXGroup;
			children = (
				B5FC8B4D1CEB5B9A007FE40B /* App01.app */,
			);
			name = Products;
			sourceTree = "<group>";
		};
		B5FC8B4F1CEB5B9A007FE40B /* App01 */ = {
			isa = PBXGroup;
			children = (
				B5FC8B501CEB5B9A007FE40B /* AppDelegate.swift */,
				B5FC8B521CEB5B9A007FE40B /* ViewController.swift */,
				B5FC8B541CEB5B9A007FE40B /* Main.storyboard */,
				B5FC8B571CEB5B9A007FE40B /* Assets.xcassets */,
				B5FC8B591CEB5B9A007FE40B /* LaunchScreen.storyboard */,
				B5FC8B5C1CEB5B9A007FE40B /* Info.plist */,
			);
			path = App01;
			sourceTree = "<group>";
		};
/* End PBXGroup section */

/* Begin PBXNativeTarget section */
		B5FC8B4C1CEB5B9A007FE40B /* App01 */ = {
			isa = PBXNativeTarget;
			buildConfigurationList = B5FC8B5F1CEB5B9A007FE40B /* Build configuration list for PBXNativeTarget "App01" */;
			buildPhases = (
				B5FC8B491CEB5B9A007FE40B /* Sources */,
				B5FC8B4A1CEB5B9A007FE40B /* Frameworks */,
				B5FC8B4B1CEB5B9A007FE40B /* Resources */,
			);
			buildRules = (
			);
			dependencies = (
			);
			name = App01;
			productName = App01;
			productReference = B5FC8B4D1CEB5B9A007FE40B /* App01.app */;
			productType = "com.apple.product-type.application";
		};
/* End PBXNativeTarget section */

/* Begin PBXProject section */
		B5FC8B451CEB5B9A007FE40B /* Project object */ = {
			isa = PBXProject;
			attributes = {
				LastSwiftUpdateCheck = 0730;
				LastUpgradeCheck = 0730;
				ORGANIZATIONNAME = "Aiman Abdullah Anees";
				TargetAttributes = {
					B5FC8B4C1CEB5B9A007FE40B = {
						CreatedOnToolsVersion = 7.3.1;
					};
				};
			};
			buildConfigurationList = B5FC8B481CEB5B9A007FE40B /* Build configuration list for PBXProject "App01" */;
			compatibilityVersion = "Xcode 3.2";
			developmentRegion = English;
			hasScannedForEncodings = 0;
			knownRegions = (
				en,
				Base,
			);
			mainGroup = B5FC8B441CEB5B9A007FE40B;
			productRefGroup = B5FC8B4E1CEB5B9A007FE40B /* Products */;
			projectDirPath = "";
			projectRoot = "";
			targets = (
				B5FC8B4C1CEB5B9A007FE40B /* App01 */,
			);
		};
/* End PBXProject section */

/* Begin PBXResourcesBuildPhase section */
		B5FC8B4B1CEB5B9A007FE40B /* Resources */ = {
			isa = PBXResourcesBuildPhase;
			buildActionMask = 2147483647;
			files = (
				B5FC8B5B1CEB5B9A007FE40B /* LaunchScreen.storyboard in Resources */,
				B5FC8B581CEB5B9A007FE40B /* Assets.xcassets in Resources */,
				B5FC8B561CEB5B9A007FE40B /* Main.storyboard in Resources */,
			);
			runOnlyForDeploymentPostprocessing = 0;
		};
/* End PBXResourcesBuildPhase section */

/* Begin PBXSourcesBuildPhase section */
		B5FC8B491CEB5B9A007FE40B /* Sources */ = {
			isa = PBXSourcesBuildPhase;
			buildActionMask = 2147483647;
			files = (
				B5FC8B531CEB5B9A007FE40B /* ViewController.swift in Sources */,
				B5FC8B511CEB5B9A007FE40B /* AppDelegate.swift in Sources */,
			);
			runOnlyForDeploymentPostprocessing = 0;
		};
/* End PBXSourcesBuildPhase section */

/* Begin PBXVariantGroup section */
		B5FC8B541CEB5B9A007FE40B /* Main.storyboard */ = {
			isa = PBXVariantGroup;
			children = (
				B5FC8B551CEB5B9A007FE40B /* Base */,
			);
			name = Main.storyboard;
			sourceTree = "<group>";
		};
		B5FC8B591CEB5B9A007FE40B /* LaunchScreen.storyboard */ = {
			isa = PBXVariantGroup;
			children = (
				B5FC8B5A1CEB5B9A007FE40B /* Base */,
			);
			name = LaunchScreen.storyboard;
			sourceTree = "<group>";
		};
/* End PBXVariantGroup section */

/* Begin XCBuildConfiguration section */
		B5FC8B5D1CEB5B9A007FE40B /* Debug */ = {
			isa = XCBuildConfiguration;
			buildSettings = {
				ALWAYS_SEARCH_USER_PATHS = NO;
				CLANG_ANALYZER_NONNULL = YES;
				CLANG_CXX_LANGUAGE_STANDARD = "gnu++0x";
				CLANG_CXX_LIBRARY = "libc++";
				CLANG_ENABLE_MODULES = YES;
				CLANG_ENABLE_OBJC_ARC = YES;
				CLANG_WARN_BOOL_CONVERSION = YES;
				CLANG_WARN_CONSTANT_CONVERSION = YES;
				CLANG_WARN_DIRECT_OBJC_ISA_USAGE = YES_ERROR;
				CLANG_WARN_EMPTY_BODY = YES;
				CLANG_WARN_ENUM_CONVERSION = YES;
				CLANG_WARN_INT_CONVERSION = YES;
				CLANG_WARN_OBJC_ROOT_CLASS = YES_ERROR;
				CLANG_WARN_UNREACHABLE_CODE = YES;
				CLANG_WARN__DUPLICATE_METHOD_MATCH = YES;
				"CODE_SIGN_IDENTITY[sdk=iphoneos*]" = "iPhone Developer";
				COPY_PHASE_STRIP = NO;
				DEBUG_INFORMATION_FORMAT = dwarf;
				ENABLE_STRICT_OBJC_MSGSEND = YES;
				ENABLE_TESTABILITY = YES;
				GCC_C_LANGUAGE_STANDARD = gnu99;
				GCC_DYNAMIC_NO_PIC = NO;
				GCC_NO_COMMON_BLOCKS = YES;
				GCC_OPTIMIZATION_LEVEL = 0;
				GCC_PREPROCESSOR_DEFINITIONS = (
					"DEBUG=1",
					"$(inherited)",
				);
				GCC_WARN_64_TO_32_BIT_CONVERSION = YES;
				GCC_WARN_ABOUT_RETURN_TYPE = YES_ERROR;
				GCC_WARN_UNDECLARED_SELECTOR = YES;
				GCC_WARN_UNINITIALIZED_AUTOS = YES_AGGRESSIVE;
				GCC_WARN_UNUSED_FUNCTION = YES;
				GCC_WARN_UNUSED_VARIABLE = YES;
				IPHONEOS_DEPLOYMENT_TARGET = 9.3;
				MTL_ENABLE_DEBUG_INFO = YES;
				ONLY_ACTIVE_ARCH = YES;
				SDKROOT = iphoneos;
				SWIFT_OPTIMIZATION_LEVEL = "-Onone";
				TARGETED_DEVICE_FAMILY = "1,2";
			};
			name = Debug;
		};
		B5FC8B5E1CEB5B9A007FE40B /* Release */ = {
			isa = XCBuildConfiguration;
			buildSettings = {
				ALWAYS_SEARCH_USER_PATHS = NO;
				CLANG_ANALYZER_NONNULL = YES;
				CLANG_CXX_LANGUAGE_STANDARD = "gnu++0x";
				CLANG_CXX_LIBRARY = "libc++";
				CLANG_ENABLE_MODULES = YES;
				CLANG_ENABLE_OBJC_ARC = YES;
				CLANG_WARN_BOOL_CONVERSION = YES;
				CLANG_WARN_CONSTANT_CONVERSION = YES;
				CLANG_WARN_DIRECT_OBJC_ISA_USAGE = YES_ERROR;
				CLANG_WARN_EMPTY_BODY = YES;
				CLANG_WARN_ENUM_CONVERSION = YES;
				CLANG_WARN_INT_CONVERSION = YES;
				CLANG_WARN_OBJC_ROOT_CLASS = YES_ERROR;
				CLANG_WARN_UNREACHABLE_CODE = YES;
				CLANG_WARN__DUPLICATE_METHOD_MATCH = YES;
				"CODE_SIGN_IDENTITY[sdk=iphoneos*]" = "iPhone Developer";
				COPY_PHASE_STRIP = NO;
				DEBUG_INFORMATION_FORMAT = "dwarf-with-dsym";
				ENABLE_NS_ASSERTIONS = NO;
				ENABLE_STRICT_OBJC_MSGSEND = YES;
				GCC_C_LANGUAGE_STANDARD = gnu99;
				GCC_NO_COMMON_BLOCKS = YES;
				GCC_WARN_64_TO_32_BIT_CONVERSION = YES;
				GCC_WARN_ABOUT_RETURN_TYPE = YES_ERROR;
				GCC_WARN_UNDECLARED_SELECTOR = YES;
				GCC_WARN_UNINITIALIZED_AUTOS = YES_AGGRESSIVE;
				GCC_WARN_UNUSED_FUNCTION = YES;
				GCC_WARN_UNUSED_VARIABLE = YES;
				IPHONEOS_DEPLOYMENT_TARGET = 9.3;
				MTL_ENABLE_DEBUG_INFO = NO;
				SDKROOT = iphoneos;
				TARGETED_DEVICE_FAMILY = "1,2";
				VALIDATE_PRODUCT = YES;
			};
			name = Release;
		};
		B5FC8B601CEB5B9A007FE40B /* Debug */ = {
			isa = XCBuildConfiguration;
			buildSettings = {
				ASSETCATALOG_COMPILER_APPICON_NAME = AppIcon;
				CODE_SIGN_IDENTITY = "iPhone Developer";
				INFOPLIST_FILE = App01/Info.plist;
				LD_RUNPATH_SEARCH_PATHS = "$(inherited) @executable_path/Frameworks";
				PRODUCT_BUNDLE_IDENTIFIER = com.App01.App01;
				PRODUCT_NAME = "$(TARGET_NAME)";
			};
			name = Debug;
		};
		B5FC8B611CEB5B9A007FE40B /* Release */ = {
			isa = XCBuildConfiguration;
			buildSettings = {
				ASSETCATALOG_COMPILER_APPICON_NAME = AppIcon;
				CODE_SIGN_IDENTITY = "iPhone Developer";
				INFOPLIST_FILE = App01/Info.plist;
				LD_RUNPATH_SEARCH_PATHS = "$(inherited) @executable_path/Frameworks";
				PRODUCT_BUNDLE_IDENTIFIER = com.App01.App01;
				PRODUCT_NAME = "$(TARGET_NAME)";
			};
			name = Release;
		};
/* End XCBuildConfiguration section */

/* Begin XCConfigurationList section */
		B5FC8B481CEB5B9A007FE40B /* Build configuration list for PBXProject "App01" */ = {
			isa = XCConfigurationList;
			buildConfigurations = (
				B5FC8B5D1CEB5B9A007FE40B /* Debug */,
				B5FC8B5E1CEB5B9A007FE40B /* Release */,
			);
			defaultConfigurationIsVisible = 0;
			defaultConfigurationName = Release;
		};
		B5FC8B5F1CEB5B9A007FE40B /* Build configuration list for PBXNativeTarget "App01" */ = {
			isa = XCConfigurationList;
			buildConfigurations = (
				B5FC8B601CEB5B9A007FE40B /* Debug */,
				B5FC8B611CEB5B9A007FE40B /* Release */,
			);
			defaultConfigurationIsVisible = 0;
		};
/* End XCConfigurationList section */
	};
	rootObject = B5FC8B451CEB5B9A007FE40B /* Project object */;
}
